
Microsoft Visual Studio Solution File, Format Version 11.00
# Visual Studio 2010
Project("{FAE04EC0-301F-11D3-BF4B-00C04F79EFBC}") = "DraftCommander", "DraftCommander\DraftCommander.csproj", "{CB06DD87-6393-4C9F-BACD-D4821D29DAB1}"
EndProject
Project("{2150E333-8FDC-42A3-9474-1A3956D46DE8}") = "Shared", "Shared", "{03AAB3DB-554F-4DC9-84AC-E3E98D7CBC05}"
EndProject
Project("{FAE04EC0-301F-11D3-BF4B-00C04F79EFBC}") = "Resources", "Shared\Resources\Resources.csproj", "{1A3FD8FB-FDAB-4A74-BAEE-C1D6AB0AFAFD}"
EndProject
Project("{FAE04EC0-301F-11D3-BF4B-00C04F79EFBC}") = "DataLoader", "DataLoader\DataLoader.csproj", "{22A059B4-4F6D-4CD2-9C26-4822333BB073}"
EndProject
Global
	GlobalSection(SolutionConfigurationPlatforms) = preSolution
		Debug|Any CPU = Debug|Any CPU
		Debug|Mixed Platforms = Debug|Mixed Platforms
		Debug|x86 = Debug|x86
		Release|Any CPU = Release|Any CPU
		Release|Mixed Platforms = Release|Mixed Platforms
		Release|x86 = Release|x86
	EndGlobalSection
	GlobalSection(ProjectConfigurationPlatforms) = postSolution
		{CB06DD87-6393-4C9F-BACD-D4821D29DAB1}.Debug|Any CPU.ActiveCfg = Debug|Any CPU
		{CB06DD87-6393-4C9F-BACD-D4821D29DAB1}.Debug|Any CPU.Build.0 = Debug|Any CPU
		{CB06DD87-6393-4C9F-BACD-D4821D29DAB1}.Debug|Mixed Platforms.ActiveCfg = Debug|Any CPU
		{CB06DD87-6393-4C9F-BACD-D4821D29DAB1}.Debug|Mixed Platforms.Build.0 = Debug|Any CPU
		{CB06DD87-6393-4C9F-BACD-D4821D29DAB1}.Debug|x86.ActiveCfg = Debug|Any CPU
		{CB06DD87-6393-4C9F-BACD-D4821D29DAB1}.Release|Any CPU.ActiveCfg = Release|Any CPU
		{CB06DD87-6393-4C9F-BACD-D4821D29DAB1}.Release|Any CPU.Build.0 = Release|Any CPU
		{CB06DD87-6393-4C9F-BACD-D4821D29DAB1}.Release|Mixed Platforms.ActiveCfg = Release|Any CPU
		{CB06DD87-6393-4C9F-BACD-D4821D29DAB1}.Release|Mixed Platforms.Build.0 = Release|Any CPU
		{CB06DD87-6393-4C9F-BACD-D4821D29DAB1}.Release|x86.ActiveCfg = Release|Any CPU
		{1A3FD8FB-FDAB-4A74-BAEE-C1D6AB0AFAFD}.Debug|Any CPU.ActiveCfg = Debug|Any CPU
		{1A3FD8FB-FDAB-4A74-BAEE-C1D6AB0AFAFD}.Debug|Any CPU.Build.0 = Debug|Any CPU
		{1A3FD8FB-FDAB-4A74-BAEE-C1D6AB0AFAFD}.Debug|Mixed Platforms.ActiveCfg = Debug|Any CPU
		{1A3FD8FB-FDAB-4A74-BAEE-C1D6AB0AFAFD}.Debug|Mixed Platforms.Build.0 = Debug|Any CPU
		{1A3FD8FB-FDAB-4A74-BAEE-C1D6AB0AFAFD}.Debug|x86.ActiveCfg = Debug|Any CPU
		{1A3FD8FB-FDAB-4A74-BAEE-C1D6AB0AFAFD}.Release|Any CPU.ActiveCfg = Release|Any CPU
		{1A3FD8FB-FDAB-4A74-BAEE-C1D6AB0AFAFD}.Release|Any CPU.Build.0 = Release|Any CPU
		{1A3FD8FB-FDAB-4A74-BAEE-C1D6AB0AFAFD}.Release|Mixed Platforms.ActiveCfg = Release|Any CPU
		{1A3FD8FB-FDAB-4A74-BAEE-C1D6AB0AFAFD}.Release|Mixed Platforms.Build.0 = Release|Any CPU
		{1A3FD8FB-FDAB-4A74-BAEE-C1D6AB0AFAFD}.Release|x86.ActiveCfg = Release|Any CPU
		{22A059B4-4F6D-4CD2-9C26-4822333BB073}.Debug|Any CPU.ActiveCfg = Debug|x86
		{22A059B4-4F6D-4CD2-9C26-4822333BB073}.Debug|Mixed Platforms.ActiveCfg = Debug|x86
		{22A059B4-4F6D-4CD2-9C26-4822333BB073}.Debug|Mixed Platforms.Build.0 = Debug|x86
		{22A059B4-4F6D-4CD2-9C26-4822333BB073}.Debug|x86.ActiveCfg = Debug|x86
		{22A059B4-4F6D-4CD2-9C26-4822333BB073}.Debug|x86.Build.0 = Debug|x86
		{22A059B4-4F6D-4CD2-9C26-4822333BB073}.Release|Any CPU.ActiveCfg = Release|x86
		{22A059B4-4F6D-4CD2-9C26-4822333BB073}.Release|Mixed Platforms.ActiveCfg = Release|x86
		{22A059B4-4F6D-4CD2-9C26-4822333BB073}.Release|Mixed Platforms.Build.0 = Release|x86
		{22A059B4-4F6D-4CD2-9C26-4822333BB073}.Release|x86.ActiveCfg = Release|x86
		{22A059B4-4F6D-4CD2-9C26-4822333BB073}.Release|x86.Build.0 = Release|x86
	EndGlobalSection
	GlobalSection(SolutionProperties) = preSolution
		HideSolutionNode = FALSE
	EndGlobalSection
	GlobalSection(NestedProjects) = preSolution
		{1A3FD8FB-FDAB-4A74-BAEE-C1D6AB0AFAFD} = {03AAB3DB-554F-4DC9-84AC-E3E98D7CBC05}
	EndGlobalSection
EndGlobal
