
Microsoft Visual Studio Solution File, Format Version 11.00
# Visual Studio 2010
Project("{FAE04EC0-301F-11D3-BF4B-00C04F79EFBC}") = "DraftCommander", "DraftCommander\DraftCommander.csproj", "{CB06DD87-6393-4C9F-BACD-D4821D29DAB1}"
EndProject
Project("{2150E333-8FDC-42A3-9474-1A3956D46DE8}") = "Shared", "Shared", "{03AAB3DB-554F-4DC9-84AC-E3E98D7CBC05}"
EndProject
Project("{FAE04EC0-301F-11D3-BF4B-00C04F79EFBC}") = "Resources", "Shared\Resources\Resources.csproj", "{1A3FD8FB-FDAB-4A74-BAEE-C1D6AB0AFAFD}"
EndProject
Global
	GlobalSection(SolutionConfigurationPlatforms) = preSolution
		Debug|Any CPU = Debug|Any CPU
		Release|Any CPU = Release|Any CPU
	EndGlobalSection
	GlobalSection(ProjectConfigurationPlatforms) = postSolution
		{CB06DD87-6393-4C9F-BACD-D4821D29DAB1}.Debug|Any CPU.ActiveCfg = Debug|Any CPU
		{CB06DD87-6393-4C9F-BACD-D4821D29DAB1}.Debug|Any CPU.Build.0 = Debug|Any CPU
		{CB06DD87-6393-4C9F-BACD-D4821D29DAB1}.Release|Any CPU.ActiveCfg = Release|Any CPU
		{CB06DD87-6393-4C9F-BACD-D4821D29DAB1}.Release|Any CPU.Build.0 = Release|Any CPU
		{1A3FD8FB-FDAB-4A74-BAEE-C1D6AB0AFAFD}.Debug|Any CPU.ActiveCfg = Debug|Any CPU
		{1A3FD8FB-FDAB-4A74-BAEE-C1D6AB0AFAFD}.Debug|Any CPU.Build.0 = Debug|Any CPU
		{1A3FD8FB-FDAB-4A74-BAEE-C1D6AB0AFAFD}.Release|Any CPU.ActiveCfg = Release|Any CPU
		{1A3FD8FB-FDAB-4A74-BAEE-C1D6AB0AFAFD}.Release|Any CPU.Build.0 = Release|Any CPU
	EndGlobalSection
	GlobalSection(SolutionProperties) = preSolution
		HideSolutionNode = FALSE
	EndGlobalSection
	GlobalSection(NestedProjects) = preSolution
		{1A3FD8FB-FDAB-4A74-BAEE-C1D6AB0AFAFD} = {03AAB3DB-554F-4DC9-84AC-E3E98D7CBC05}
	EndGlobalSection
EndGlobal
